{
  "lockfile_version": "1",
  "packages": {
    "Trivy@latest": {
      "last_modified": "2026-04-23T13:07:47Z",
      "resolved": "github:NixOS/nixpkgs/01fbdeef22b76df85ea168fbfe1bfd9e63681b30#trivy",
      "source": "devbox-search",
      "version": "0.69.3",
      "systems": {
        "aarch64-darwin": {
          "outputs": [
            {
              "name": "out",
              "path": "/nix/store/sfvah45v72q7iszab57w474k1hlldipb-trivy-0.69.3",
              "default": true
            }
          ],
          "store_path": "/nix/store/sfvah45v72q7iszab57w474k1hlldipb-trivy-0.69.3"
        },
        "aarch64-linux": {
          "outputs": [
            {
              "name": "out",
              "path": "/nix/store/wzip1zgwvfsra07vfnr2sm8x761zbqyc-trivy-0.69.3",
              "default": true
            }
          ],
          "store_path": "/nix/store/wzip1zgwvfsra07vfnr2sm8x761zbqyc-trivy-0.69.3"
        },
        "x86_64-darwin": {
          "outputs": [
            {
              "name": "out",
              "path": "/nix/store/l62zagvpbrabhw2q45z6vddrf0xwwyqd-trivy-0.69.3",
              "default": true
            }
          ],
          "store_path": "/nix/store/l62zagvpbrabhw2q45z6vddrf0xwwyqd-trivy-0.69.3"
        },
        "x86_64-linux": {
          "outputs": [
            {
              "name": "out",
              "path": "/nix/store/291g5h3946aw4k4s74l4waskm72h6xvp-trivy-0.69.3",
              "default": true
            }
          ],
          "store_path": "/nix/store/291g5h3946aw4k4s74l4waskm72h6xvp-trivy-0.69.3"
        }
      }
    },
    "cosign@latest": {
      "last_modified": "2026-05-21T08:15:18Z",
      "resolved": "github:NixOS/nixpkgs/4a29d733e8a7d5b824c3d8c958a946a9867b3eb2#cosign",
      "source": "devbox-search",
      "version": "3.0.6",
      "systems": {
        "aarch64-darwin": {
          "outputs": [
            {
              "name": "out",
              "path": "/nix/store/y1sldw8qfr2qh38rww97cs1c18yx4g73-cosign-3.0.6",
              "default": true
            }
          ],
          "store_path": "/nix/store/y1sldw8qfr2qh38rww97cs1c18yx4g73-cosign-3.0.6"
        },
        "aarch64-linux": {
          "outputs": [
            {
              "name": "out",
              "path": "/nix/store/1z9w3cbaxa5667jjfryl1g6hfsgzyxqw-cosign-3.0.6",
              "default": true
            }
          ],
          "store_path": "/nix/store/1z9w3cbaxa5667jjfryl1g6hfsgzyxqw-cosign-3.0.6"
        },
        "x86_64-darwin": {
          "outputs": [
            {
              "name": "out",
              "path": "/nix/store/mwqdbdy1v4413xwsiv1a4s105f030bjw-cosign-3.0.6",
              "default": true
            }
          ],
          "store_path": "/nix/store/mwqdbdy1v4413xwsiv1a4s105f030bjw-cosign-3.0.6"
        },
        "x86_64-linux": {
          "outputs": [
            {
              "name": "out",
              "path": "/nix/store/xv0vmmk220vdcp09wn299k182lisyk2c-cosign-3.0.6",
              "default": true
            }
          ],
          "store_path": "/nix/store/xv0vmmk220vdcp09wn299k182lisyk2c-cosign-3.0.6"
        }
      }
    },
    "docker@latest": {
      "last_modified": "2026-04-10T12:25:30Z",
      "resolved": "github:NixOS/nixpkgs/8c11f88bb9573a10a7d6bf87161ef08455ac70b9#docker",
      "source": "devbox-search",
      "version": "29.4.0",
      "systems": {
        "aarch64-darwin": {
          "outputs": [
            {
              "name": "out",
              "path": "/nix/store/xd3ala37gimhl2s372q4x21ka7ipx7vd-docker-29.4.0",
              "default": true
            }
          ],
          "store_path": "/nix/store/xd3ala37gimhl2s372q4x21ka7ipx7vd-docker-29.4.0"
        },
        "aarch64-linux": {
          "outputs": [
            {
              "name": "out",
              "path": "/nix/store/y5n9y1r85jgxqnbpva0szlgars5qgmir-docker-29.4.0",
              "default": true
            }
          ],
          "store_path": "/nix/store/y5n9y1r85jgxqnbpva0szlgars5qgmir-docker-29.4.0"
        },
        "x86_64-darwin": {
          "outputs": [
            {
              "name": "out",
              "path": "/nix/store/54hvrnh8jc97m2mphq6kjwngv3bvy50c-docker-29.4.0",
              "default": true
            }
          ],
          "store_path": "/nix/store/54hvrnh8jc97m2mphq6kjwngv3bvy50c-docker-29.4.0"
        },
        "x86_64-linux": {
          "outputs": [
            {
              "name": "out",
              "path": "/nix/store/h2jllwy4mdbd4d1a0s310zzjpx53hyxa-docker-29.4.0",
              "default": true
            }
          ],
          "store_path": "/nix/store/h2jllwy4mdbd4d1a0s310zzjpx53hyxa-docker-29.4.0"
        }
      }
    },
    "gci@latest": {
      "last_modified": "2026-02-23T15:40:43Z",
      "resolved": "github:NixOS/nixpkgs/80d901ec0377e19ac3f7bb8c035201e2e098cc97#gci",
      "source": "devbox-search",
      "version": "0.13.7",
      "systems": {
        "aarch64-darwin": {
          "outputs": [
            {
              "name": "out",
              "path": "/nix/store/1l2dwp93ci59hb5nln4gss84n4zqkzqb-gci-0.13.7",
              "default": true
            }
          ],
          "store_path": "/nix/store/1l2dwp93ci59hb5nln4gss84n4zqkzqb-gci-0.13.7"
        },
        "aarch64-linux": {
          "outputs": [
            {
              "name": "out",
              "path": "/nix/store/yagpksabhw1vmd79pgn5y74wvdxp89cn-gci-0.13.7",
              "default": true
            }
          ],
          "store_path": "/nix/store/yagpksabhw1vmd79pgn5y74wvdxp89cn-gci-0.13.7"
        },
        "x86_64-darwin": {
          "outputs": [
            {
              "name": "out",
              "path": "/nix/store/f1hfxp5mhsmxpffcj7pyyfh98a2bpdj3-gci-0.13.7",
              "default": true
            }
          ],
          "store_path": "/nix/store/f1hfxp5mhsmxpffcj7pyyfh98a2bpdj3-gci-0.13.7"
        },
        "x86_64-linux": {
          "outputs": [
            {
              "name": "out",
              "path": "/nix/store/76c0kbgkdwslgki8xphf4iixcjjpf2dr-gci-0.13.7",
              "default": true
            }
          ],
          "store_path": "/nix/store/76c0kbgkdwslgki8xphf4iixcjjpf2dr-gci-0.13.7"
        }
      }
    },
    "git@latest": {
      "last_modified": "2026-04-08T09:18:10Z",
      "resolved": "github:NixOS/nixpkgs/456e8a9468b9d46bd8c9524425026c00745bc4d2#git",
      "source": "devbox-search",
      "version": "2.53.0",
      "systems": {
        "aarch64-darwin": {
          "outputs": [
            {
              "name": "out",
              "path": "/nix/store/6qbj40r0s289k5slmy8yna5x2hfz01wg-git-2.53.0",
              "default": true
            },
            {
              "name": "doc",
              "path": "/nix/store/xp9w7bcl4c78268kn82qdayqglj0zdxa-git-2.53.0-doc"
            }
          ],
          "store_path": "/nix/store/6qbj40r0s289k5slmy8yna5x2hfz01wg-git-2.53.0"
        },
        "aarch64-linux": {
          "outputs": [
            {
              "name": "out",
              "path": "/nix/store/0vbb6j0ppx1w8cw28h7w8s2dzla9j3m6-git-2.53.0",
              "default": true
            },
            {
              "name": "debug",
              "path": "/nix/store/gaj4q67pid2pcy9nvh2ysv4728wxj5m4-git-2.53.0-debug"
            },
            {
              "name": "doc",
              "path": "/nix/store/9mrg9g0w2b4cfdppq3n4zvhkvyixvqpx-git-2.53.0-doc"
            }
          ],
          "store_path": "/nix/store/0vbb6j0ppx1w8cw28h7w8s2dzla9j3m6-git-2.53.0"
        },
        "x86_64-darwin": {
          "outputs": [
            {
              "name": "out",
              "path": "/nix/store/2q2hzaclp1rsj65h21lng7wa26vawhnq-git-2.53.0",
              "default": true
            },
            {
              "name": "doc",
              "path": "/nix/store/yi2mi426la2x7rggv0a0ah11s2dangz4-git-2.53.0-doc"
            }
          ],
          "store_path": "/nix/store/2q2hzaclp1rsj65h21lng7wa26vawhnq-git-2.53.0"
        },
        "x86_64-linux": {
          "outputs": [
            {
              "name": "out",
              "path": "/nix/store/7yvcckar1lzhqnr0xx2n19nsdjd4qa4d-git-2.53.0",
              "default": true
            },
            {
              "name": "debug",
              "path": "/nix/store/9xs1n97fsdbgnk8cxbdx3hqlz6fdaynb-git-2.53.0-debug"
            },
            {
              "name": "doc",
              "path": "/nix/store/rv7cz5lz1qmbdnh3zrpv0j0wa5ivaacq-git-2.53.0-doc"
            }
          ],
          "store_path": "/nix/store/7yvcckar1lzhqnr0xx2n19nsdjd4qa4d-git-2.53.0"
        }
      }
    },
    "github:NixOS/nixpkgs/nixpkgs-unstable": {
      "last_modified": "2026-03-16T02:27:38Z",
      "resolved": "github:NixOS/nixpkgs/f8573b9c935cfaa162dd62cc9e75ae2db86f85df?lastModified=1773628058&narHash=sha256-hpXH0z3K9xv0fHaje136KY872VT2T5uwxtezlAskQgY%3D"
    },
    "github:openserbia/go-flake#go_1_26_4": {
      "last_modified": "2026-06-07T18:25:36Z",
      "resolved": "github:openserbia/go-flake/736b53ad6bf1b7074aa4716d70e2b5042ab4542f?lastModified=1780856736&narHash=sha256-enxtmVaqeLT49UcFqotvdayRIOVbbmLHhxHP%2F6iJEec%3D#go_1_26_4"
    },
    "github:openserbia/go-flake#gofumpt_0_10_0": {
      "last_modified": "2026-05-19T10:13:21Z",
      "resolved": "github:openserbia/go-flake/72111bbd325dde4dd1aa566fd445aab62cd7ef7c?lastModified=1779185601&narHash=sha256-DBUZWipAYiCvYwgtCHryE2vC5idMnI3RxsV5tY0yqd4%3D#gofumpt_0_10_0"
    },
    "github:openserbia/go-flake#golangci-lint_2_12_2": {
      "last_modified": "2026-06-07T18:25:36Z",
      "resolved": "github:openserbia/go-flake/736b53ad6bf1b7074aa4716d70e2b5042ab4542f?lastModified=1780856736&narHash=sha256-enxtmVaqeLT49UcFqotvdayRIOVbbmLHhxHP%2F6iJEec%3D#golangci-lint_2_12_2"
    },
    "github:openserbia/go-flake#govulncheck_1_3_0": {
      "last_modified": "2026-05-25T10:07:31Z",
      "resolved": "github:openserbia/go-flake/58d9452c260ba94c7f946a9a00081e1c5da89e9a?lastModified=1779703651&narHash=sha256-6OiN0h4D7CWSZYtb4gyqTUSQnItDOMg9fiBJ2P0PqjI%3D#govulncheck_1_3_0"
    },
    "go-task@latest": {
      "last_modified": "2026-03-21T07:29:51Z",
      "resolved": "github:NixOS/nixpkgs/09061f748ee21f68a089cd5d91ec1859cd93d0be#go-task",
      "source": "devbox-search",
      "version": "3.48.0",
      "systems": {
        "aarch64-darwin": {
          "outputs": [
            {
              "name": "out",
              "path": "/nix/store/sab4xhgi6cs6rnxsx33dxqg2zcir52rm-go-task-3.48.0",
              "default": true
            }
          ],
          "store_path": "/nix/store/sab4xhgi6cs6rnxsx33dxqg2zcir52rm-go-task-3.48.0"
        },
        "aarch64-linux": {
          "outputs": [
            {
              "name": "out",
              "path": "/nix/store/cidnjfhcp1qyxjih6qaa61hfyxy5k5ap-go-task-3.48.0",
              "default": true
            }
          ],
          "store_path": "/nix/store/cidnjfhcp1qyxjih6qaa61hfyxy5k5ap-go-task-3.48.0"
        },
        "x86_64-darwin": {
          "outputs": [
            {
              "name": "out",
              "path": "/nix/store/nxbwqrg7jx4l16q1c37kr510cv0cz1cw-go-task-3.48.0",
              "default": true
            }
          ],
          "store_path": "/nix/store/nxbwqrg7jx4l16q1c37kr510cv0cz1cw-go-task-3.48.0"
        },
        "x86_64-linux": {
          "outputs": [
            {
              "name": "out",
              "path": "/nix/store/qxs1p264gzz3nficzss2nsp7fs5cdi31-go-task-3.48.0",
              "default": true
            }
          ],
          "store_path": "/nix/store/qxs1p264gzz3nficzss2nsp7fs5cdi31-go-task-3.48.0"
        }
      }
    },
    "goreleaser@latest": {
      "last_modified": "2026-04-08T00:40:38Z",
      "resolved": "github:NixOS/nixpkgs/9a01fad67a57e44e1b3e1d905c6881bcfb209e8a#goreleaser",
      "source": "devbox-search",
      "version": "2.15.2",
      "systems": {
        "aarch64-darwin": {
          "outputs": [
            {
              "name": "out",
              "path": "/nix/store/bwgcsz27118a6ir1s380z5y5h4pzxs15-goreleaser-2.15.2",
              "default": true
            }
          ],
          "store_path": "/nix/store/bwgcsz27118a6ir1s380z5y5h4pzxs15-goreleaser-2.15.2"
        },
        "aarch64-linux": {
          "outputs": [
            {
              "name": "out",
              "path": "/nix/store/a44yq5ab2rh5virfnn5hjl91n0fbbs2c-goreleaser-2.15.2",
              "default": true
            }
          ],
          "store_path": "/nix/store/a44yq5ab2rh5virfnn5hjl91n0fbbs2c-goreleaser-2.15.2"
        },
        "x86_64-darwin": {
          "outputs": [
            {
              "name": "out",
              "path": "/nix/store/a4i4f89y7pizcicjs0w5y7issgrm0qg0-goreleaser-2.15.2",
              "default": true
            }
          ],
          "store_path": "/nix/store/a4i4f89y7pizcicjs0w5y7issgrm0qg0-goreleaser-2.15.2"
        },
        "x86_64-linux": {
          "outputs": [
            {
              "name": "out",
              "path": "/nix/store/w6hm24gyxk0yjn1qbyx66s11y7cr5kkp-goreleaser-2.15.2",
              "default": true
            }
          ],
          "store_path": "/nix/store/w6hm24gyxk0yjn1qbyx66s11y7cr5kkp-goreleaser-2.15.2"
        }
      }
    },
    "python3@latest": {
      "last_modified": "2025-01-06T03:40:18Z",
      "plugin_version": "0.0.4",
      "resolved": "github:NixOS/nixpkgs/3df3c47c19dc90fec35359e89ffb52b34d2b0e94#python3",
      "source": "devbox-search",
      "version": "3.12.8",
      "systems": {
        "aarch64-darwin": {
          "outputs": [
            {
              "name": "out",
              "path": "/nix/store/8zc3wcplydp8gsxms24scpzdca438dk5-python3-3.12.8",
              "default": true
            }
          ],
          "store_path": "/nix/store/8zc3wcplydp8gsxms24scpzdca438dk5-python3-3.12.8"
        },
        "aarch64-linux": {
          "outputs": [
            {
              "name": "out",
              "path": "/nix/store/66pn6ysmvx675061xaq2vz93s9vdc5p4-python3-3.12.8",
              "default": true
            },
            {
              "name": "debug",
              "path": "/nix/store/brcg3a34fi45ffky63g5pqd22sksvq13-python3-3.12.8-debug"
            }
          ],
          "store_path": "/nix/store/66pn6ysmvx675061xaq2vz93s9vdc5p4-python3-3.12.8"
        },
        "x86_64-darwin": {
          "outputs": [
            {
              "name": "out",
              "path": "/nix/store/fpmkmdzgd1q7kqadc7czcjdhjj7bsc0i-python3-3.12.8",
              "default": true
            }
          ],
          "store_path": "/nix/store/fpmkmdzgd1q7kqadc7czcjdhjj7bsc0i-python3-3.12.8"
        },
        "x86_64-linux": {
          "outputs": [
            {
              "name": "out",
              "path": "/nix/store/c9m6yd8fg1flz2j5r4bif1ib5j20a0cy-python3-3.12.8",
              "default": true
            },
            {
              "name": "debug",
              "path": "/nix/store/cicfrcjr8pky8qd0gxw0x84ynyviy6b5-python3-3.12.8-debug"
            }
          ],
          "store_path": "/nix/store/c9m6yd8fg1flz2j5r4bif1ib5j20a0cy-python3-3.12.8"
        }
      }
    },
    "snyk@latest": {
      "last_modified": "2026-05-15T18:21:44Z",
      "resolved": "github:NixOS/nixpkgs/d233902339c02a9c334e7e593de68855ad26c4cb#snyk",
      "source": "devbox-search",
      "version": "1.1301.2",
      "systems": {
        "aarch64-darwin": {
          "outputs": [
            {
              "name": "out",
              "path": "/nix/store/h3km0sg53gv28dl1n026gfam2blzcf2n-snyk-1.1301.2",
              "default": true
            }
          ],
          "store_path": "/nix/store/h3km0sg53gv28dl1n026gfam2blzcf2n-snyk-1.1301.2"
        },
        "aarch64-linux": {
          "outputs": [
            {
              "name": "out",
              "path": "/nix/store/n682704d1rfy9y60zbfjy20fsrlpqhcn-snyk-1.1301.2",
              "default": true
            }
          ],
          "store_path": "/nix/store/n682704d1rfy9y60zbfjy20fsrlpqhcn-snyk-1.1301.2"
        },
        "x86_64-darwin": {
          "outputs": [
            {
              "name": "out",
              "path": "/nix/store/rz03hnn7lp4df1j0rl08hb3jw6sb4kk1-snyk-1.1301.2",
              "default": true
            }
          ],
          "store_path": "/nix/store/rz03hnn7lp4df1j0rl08hb3jw6sb4kk1-snyk-1.1301.2"
        },
        "x86_64-linux": {
          "outputs": [
            {
              "name": "out",
              "path": "/nix/store/bh2qg2xxck7z3rn6ycg52gnqb2kcxivm-snyk-1.1301.2",
              "default": true
            }
          ],
          "store_path": "/nix/store/bh2qg2xxck7z3rn6ycg52gnqb2kcxivm-snyk-1.1301.2"
        }
      }
    }
  }
}
